// !$*UTF8*$!
{
	archiveVersion = 1;
	classes = {
	};
	objectVersion = 46;
	objects = {

/* Begin PBXBuildFile section */
		E706946F1F49E9FD00E7303D /* GlobalMacro.swift in Sources */ = {isa = PBXBuildFile; fileRef = E706946E1F49E9FD00E7303D /* GlobalMacro.swift */; };
		E70694711F49EE2A00E7303D /* MCProfileHeaderView.swift in Sources */ = {isa = PBXBuildFile; fileRef = E70694701F49EE2A00E7303D /* MCProfileHeaderView.swift */; };
		E70694751F49EE6C00E7303D /* MCProfileHeaderView.xib in Resources */ = {isa = PBXBuildFile; fileRef = E70694741F49EE6C00E7303D /* MCProfileHeaderView.xib */; };
		E7132D101F4AA0190068A4A0 /* MCAboutVC.swift in Sources */ = {isa = PBXBuildFile; fileRef = E7132D0F1F4AA0190068A4A0 /* MCAboutVC.swift */; };
		E7132D121F4AA7D80068A4A0 /* MCSourceVC.swift in Sources */ = {isa = PBXBuildFile; fileRef = E7132D111F4AA7D80068A4A0 /* MCSourceVC.swift */; };
		E7733CB11F6A1A8C0032E70E /* GoogleService-Info.plist in Resources */ = {isa = PBXBuildFile; fileRef = E7733CB01F6A1A8C0032E70E /* GoogleService-Info.plist */; };
		E7733CB71F6A1CFA0032E70E /* LoginViewController.swift in Sources */ = {isa = PBXBuildFile; fileRef = E7733CB61F6A1CFA0032E70E /* LoginViewController.swift */; };
		E7733CB91F6A1D090032E70E /* Login.storyboard in Resources */ = {isa = PBXBuildFile; fileRef = E7733CB81F6A1D090032E70E /* Login.storyboard */; };
		E7733CD01F6A3DF90032E70E /* NSArray+Log.m in Sources */ = {isa = PBXBuildFile; fileRef = E7733CCF1F6A3DF90032E70E /* NSArray+Log.m */; };
		E7E6122F1F3DA1740019A64B /* AppDelegate.swift in Sources */ = {isa = PBXBuildFile; fileRef = E7E6122E1F3DA1740019A64B /* AppDelegate.swift */; };
		E7E612361F3DA1740019A64B /* Assets.xcassets in Resources */ = {isa = PBXBuildFile; fileRef = E7E612351F3DA1740019A64B /* Assets.xcassets */; };
		E7E612391F3DA1740019A64B /* LaunchScreen.storyboard in Resources */ = {isa = PBXBuildFile; fileRef = E7E612371F3DA1740019A64B /* LaunchScreen.storyboard */; };
		E7E6125E1F3DA9C90019A64B /* Main.storyboard in Resources */ = {isa = PBXBuildFile; fileRef = E7E6125D1F3DA9C90019A64B /* Main.storyboard */; };
		E7E6126F1F3DB1F40019A64B /* MCTabBarController.swift in Sources */ = {isa = PBXBuildFile; fileRef = E7E6126E1F3DB1F40019A64B /* MCTabBarController.swift */; };
		E7E612711F3DB2520019A64B /* Home.storyboard in Resources */ = {isa = PBXBuildFile; fileRef = E7E612701F3DB2520019A64B /* Home.storyboard */; };
		E7E612731F3DB2E70019A64B /* MCNavigationController.swift in Sources */ = {isa = PBXBuildFile; fileRef = E7E612721F3DB2E70019A64B /* MCNavigationController.swift */; };
		E7E612751F3E9E280019A64B /* News.storyboard in Resources */ = {isa = PBXBuildFile; fileRef = E7E612741F3E9E280019A64B /* News.storyboard */; };
		E7E612771F3E9E690019A64B /* Markets.storyboard in Resources */ = {isa = PBXBuildFile; fileRef = E7E612761F3E9E690019A64B /* Markets.storyboard */; };
		E7E6127D1F3E9EE10019A64B /* Profile.storyboard in Resources */ = {isa = PBXBuildFile; fileRef = E7E6127C1F3E9EE10019A64B /* Profile.storyboard */; };
		E7E6127F1F3EA0400019A64B /* MCHomeVC.swift in Sources */ = {isa = PBXBuildFile; fileRef = E7E6127E1F3EA0400019A64B /* MCHomeVC.swift */; };
		E7E612811F3EA0F20019A64B /* MCNewsTVC.swift in Sources */ = {isa = PBXBuildFile; fileRef = E7E612801F3EA0F20019A64B /* MCNewsTVC.swift */; };
		E7E612831F3EA1380019A64B /* MCMarketsVC.swift in Sources */ = {isa = PBXBuildFile; fileRef = E7E612821F3EA1380019A64B /* MCMarketsVC.swift */; };
		E7E612851F3EA15D0019A64B /* MCProfileVC.swift in Sources */ = {isa = PBXBuildFile; fileRef = E7E612841F3EA15D0019A64B /* MCProfileVC.swift */; };
		E7E612871F3EA4000019A64B /* UIColor+Extension.swift in Sources */ = {isa = PBXBuildFile; fileRef = E7E612861F3EA4000019A64B /* UIColor+Extension.swift */; };
		E7E6128C1F3EA6CE0019A64B /* atm_link.json in Resources */ = {isa = PBXBuildFile; fileRef = E7E612891F3EA6CE0019A64B /* atm_link.json */; };
		E7E6128D1F3EA6CE0019A64B /* download_icon_success.json in Resources */ = {isa = PBXBuildFile; fileRef = E7E6128A1F3EA6CE0019A64B /* download_icon_success.json */; };
		E7E6128E1F3EA6CE0019A64B /* touch_id.json in Resources */ = {isa = PBXBuildFile; fileRef = E7E6128B1F3EA6CE0019A64B /* touch_id.json */; };
		E7E612B01F3F61FE0019A64B /* Pods_Fisc.framework in Frameworks */ = {isa = PBXBuildFile; fileRef = 2975AD68B4AEEC1BB36004BD /* Pods_Fisc.framework */; };
		E7FE080F1F6AAE8700E1B7BA /* MCStockBannerView.swift in Sources */ = {isa = PBXBuildFile; fileRef = E7FE080E1F6AAE8700E1B7BA /* MCStockBannerView.swift */; };
		E7FE08111F6AAE9B00E1B7BA /* MCStockBannerView.xib in Resources */ = {isa = PBXBuildFile; fileRef = E7FE08101F6AAE9B00E1B7BA /* MCStockBannerView.xib */; };
		E7FE08131F6AB0DA00E1B7BA /* MCBannerStock.swift in Sources */ = {isa = PBXBuildFile; fileRef = E7FE08121F6AB0DA00E1B7BA /* MCBannerStock.swift */; };
		E7FE08351F6B1BEC00E1B7BA /* MCRoom.swift in Sources */ = {isa = PBXBuildFile; fileRef = E7FE08341F6B1BEC00E1B7BA /* MCRoom.swift */; };
		E7FE08371F6B290800E1B7BA /* MCCommit.swift in Sources */ = {isa = PBXBuildFile; fileRef = E7FE08361F6B290800E1B7BA /* MCCommit.swift */; };
		E7FE08391F6B3C1F00E1B7BA /* MCNews.swift in Sources */ = {isa = PBXBuildFile; fileRef = E7FE08381F6B3C1F00E1B7BA /* MCNews.swift */; };
		E7FE083B1F6BBFC900E1B7BA /* MCStock.swift in Sources */ = {isa = PBXBuildFile; fileRef = E7FE083A1F6BBFC900E1B7BA /* MCStock.swift */; };
		E7FE083D1F6BC0E100E1B7BA /* MCStockSearchVC.swift in Sources */ = {isa = PBXBuildFile; fileRef = E7FE083C1F6BC0E100E1B7BA /* MCStockSearchVC.swift */; };
		E7FE083F1F6CADD000E1B7BA /* MCStockInfoVC.swift in Sources */ = {isa = PBXBuildFile; fileRef = E7FE083E1F6CADD000E1B7BA /* MCStockInfoVC.swift */; };
		E7FE08431F6CED9C00E1B7BA /* MCNewsPageVC.swift in Sources */ = {isa = PBXBuildFile; fileRef = E7FE08421F6CED9C00E1B7BA /* MCNewsPageVC.swift */; };
		E7FE08451F6D046B00E1B7BA /* MCSimpleStock.swift in Sources */ = {isa = PBXBuildFile; fileRef = E7FE08441F6D046B00E1B7BA /* MCSimpleStock.swift */; };
		E7FE08471F6D4CCF00E1B7BA /* MCReportVC.swift in Sources */ = {isa = PBXBuildFile; fileRef = E7FE08461F6D4CCF00E1B7BA /* MCReportVC.swift */; };
		E7FE084C1F6D517F00E1B7BA /* 600006.json in Resources */ = {isa = PBXBuildFile; fileRef = E7FE084B1F6D517F00E1B7BA /* 600006.json */; };
		E7FE084E1F6D519C00E1B7BA /* MCReport.swift in Sources */ = {isa = PBXBuildFile; fileRef = E7FE084D1F6D519C00E1B7BA /* MCReport.swift */; };
/* End PBXBuildFile section */

/* Begin PBXFileReference section */
		2975AD68B4AEEC1BB36004BD /* Pods_Fisc.framework */ = {isa = PBXFileReference; explicitFileType = wrapper.framework; includeInIndex = 0; path = Pods_Fisc.framework; sourceTree = BUILT_PRODUCTS_DIR; };
		39EE5484F02B3815F8879FAB /* Pods-Fisc.debug.xcconfig */ = {isa = PBXFileReference; includeInIndex = 1; lastKnownFileType = text.xcconfig; name = "Pods-Fisc.debug.xcconfig"; path = "Pods/Target Support Files/Pods-Fisc/Pods-Fisc.debug.xcconfig"; sourceTree = "<group>"; };
		7BD3BF6639A8006A6177452D /* Pods-Fisc.release.xcconfig */ = {isa = PBXFileReference; includeInIndex = 1; lastKnownFileType = text.xcconfig; name = "Pods-Fisc.release.xcconfig"; path = "Pods/Target Support Files/Pods-Fisc/Pods-Fisc.release.xcconfig"; sourceTree = "<group>"; };
		E706946E1F49E9FD00E7303D /* GlobalMacro.swift */ = {isa = PBXFileReference; fileEncoding = 4; lastKnownFileType = sourcecode.swift; path = GlobalMacro.swift; sourceTree = "<group>"; };
		E70694701F49EE2A00E7303D /* MCProfileHeaderView.swift */ = {isa = PBXFileReference; fileEncoding = 4; lastKnownFileType = sourcecode.swift; path = MCProfileHeaderView.swift; sourceTree = "<group>"; };
		E70694741F49EE6C00E7303D /* MCProfileHeaderView.xib */ = {isa = PBXFileReference; fileEncoding = 4; lastKnownFileType = file.xib; path = MCProfileHeaderView.xib; sourceTree = "<group>"; };
		E7132D0F1F4AA0190068A4A0 /* MCAboutVC.swift */ = {isa = PBXFileReference; fileEncoding = 4; lastKnownFileType = sourcecode.swift; path = MCAboutVC.swift; sourceTree = "<group>"; };
		E7132D111F4AA7D80068A4A0 /* MCSourceVC.swift */ = {isa = PBXFileReference; fileEncoding = 4; lastKnownFileType = sourcecode.swift; path = MCSourceVC.swift; sourceTree = "<group>"; };
		E7733CB01F6A1A8C0032E70E /* GoogleService-Info.plist */ = {isa = PBXFileReference; fileEncoding = 4; lastKnownFileType = text.plist.xml; path = "GoogleService-Info.plist"; sourceTree = "<group>"; };
		E7733CB61F6A1CFA0032E70E /* LoginViewController.swift */ = {isa = PBXFileReference; fileEncoding = 4; lastKnownFileType = sourcecode.swift; name = LoginViewController.swift; path = Login/Controller/LoginViewController.swift; sourceTree = "<group>"; };
		E7733CB81F6A1D090032E70E /* Login.storyboard */ = {isa = PBXFileReference; fileEncoding = 4; lastKnownFileType = file.storyboard; name = Login.storyboard; path = Login/Login.storyboard; sourceTree = "<group>"; };
		E7733CBB1F6A2DDE0032E70E /* Alamofire.framework */ = {isa = PBXFileReference; lastKnownFileType = wrapper.framework; name = Alamofire.framework; path = "../../../Library/Developer/Xcode/DerivedData/Fisc-cypifscaphubnvdmriuaopjbanfj/Build/Products/Debug-iphonesimulator/Alamofire/Alamofire.framework"; sourceTree = "<group>"; };
		E7733CBC1F6A2DDE0032E70E /* GoogleToolboxForMac.framework */ = {isa = PBXFileReference; lastKnownFileType = wrapper.framework; name = GoogleToolboxForMac.framework; path = "../../../Library/Developer/Xcode/DerivedData/Fisc-cypifscaphubnvdmriuaopjbanfj/Build/Products/Debug-iphonesimulator/GoogleToolboxForMac/GoogleToolboxForMac.framework"; sourceTree = "<group>"; };
		E7733CBD1F6A2DDE0032E70E /* GTMSessionFetcher.framework */ = {isa = PBXFileReference; lastKnownFileType = wrapper.framework; name = GTMSessionFetcher.framework; path = "../../../Library/Developer/Xcode/DerivedData/Fisc-cypifscaphubnvdmriuaopjbanfj/Build/Products/Debug-iphonesimulator/GTMSessionFetcher/GTMSessionFetcher.framework"; sourceTree = "<group>"; };
		E7733CBE1F6A2DDE0032E70E /* Lottie.framework */ = {isa = PBXFileReference; lastKnownFileType = wrapper.framework; name = Lottie.framework; path = "../../../Library/Developer/Xcode/DerivedData/Fisc-cypifscaphubnvdmriuaopjbanfj/Build/Products/Debug-iphonesimulator/lottie-ios/Lottie.framework"; sourceTree = "<group>"; };
		E7733CBF1F6A2DDE0032E70E /* nanopb.framework */ = {isa = PBXFileReference; lastKnownFileType = wrapper.framework; name = nanopb.framework; path = "Pods/../build/Debug-iphoneos/nanopb/nanopb.framework"; sourceTree = "<group>"; };
		E7733CC01F6A2DDE0032E70E /* pop.framework */ = {isa = PBXFileReference; lastKnownFileType = wrapper.framework; name = pop.framework; path = "../../../Library/Developer/Xcode/DerivedData/Fisc-cypifscaphubnvdmriuaopjbanfj/Build/Products/Debug-iphonesimulator/pop/pop.framework"; sourceTree = "<group>"; };
		E7733CC11F6A2DDE0032E70E /* SDWebImage.framework */ = {isa = PBXFileReference; lastKnownFileType = wrapper.framework; name = SDWebImage.framework; path = "../../../Library/Developer/Xcode/DerivedData/Fisc-cypifscaphubnvdmriuaopjbanfj/Build/Products/Debug-iphonesimulator/SDWebImage/SDWebImage.framework"; sourceTree = "<group>"; };
		E7733CC21F6A2DDE0032E70E /* SwiftyJSON.framework */ = {isa = PBXFileReference; lastKnownFileType = wrapper.framework; name = SwiftyJSON.framework; path = "../../../Library/Developer/Xcode/DerivedData/Fisc-cypifscaphubnvdmriuaopjbanfj/Build/Products/Debug-iphonesimulator/SwiftyJSON/SwiftyJSON.framework"; sourceTree = "<group>"; };
		E7733CCD1F6A3DF90032E70E /* Fisc-Bridging-Header.h */ = {isa = PBXFileReference; lastKnownFileType = sourcecode.c.h; path = "Fisc-Bridging-Header.h"; sourceTree = "<group>"; };
		E7733CCE1F6A3DF90032E70E /* NSArray+Log.h */ = {isa = PBXFileReference; fileEncoding = 4; lastKnownFileType = sourcecode.c.h; path = "NSArray+Log.h"; sourceTree = "<group>"; };
		E7733CCF1F6A3DF90032E70E /* NSArray+Log.m */ = {isa = PBXFileReference; fileEncoding = 4; lastKnownFileType = sourcecode.c.objc; path = "NSArray+Log.m"; sourceTree = "<group>"; };
		E7E6122B1F3DA1740019A64B /* Fisc.app */ = {isa = PBXFileReference; explicitFileType = wrapper.application; includeInIndex = 0; path = Fisc.app; sourceTree = BUILT_PRODUCTS_DIR; };
		E7E6122E1F3DA1740019A64B /* AppDelegate.swift */ = {isa = PBXFileReference; lastKnownFileType = sourcecode.swift; path = AppDelegate.swift; sourceTree = "<group>"; };
		E7E612351F3DA1740019A64B /* Assets.xcassets */ = {isa = PBXFileReference; lastKnownFileType = folder.assetcatalog; path = Assets.xcassets; sourceTree = "<group>"; };
		E7E612381F3DA1740019A64B /* Base */ = {isa = PBXFileReference; lastKnownFileType = file.storyboard; name = Base; path = Base.lproj/LaunchScreen.storyboard; sourceTree = "<group>"; };
		E7E6123A1F3DA1740019A64B /* Info.plist */ = {isa = PBXFileReference; lastKnownFileType = text.plist.xml; path = Info.plist; sourceTree = "<group>"; };
		E7E6125D1F3DA9C90019A64B /* Main.storyboard */ = {isa = PBXFileReference; fileEncoding = 4; lastKnownFileType = file.storyboard; path = Main.storyboard; sourceTree = "<group>"; };
		E7E6126E1F3DB1F40019A64B /* MCTabBarController.swift */ = {isa = PBXFileReference; fileEncoding = 4; lastKnownFileType = sourcecode.swift; path = MCTabBarController.swift; sourceTree = "<group>"; };
		E7E612701F3DB2520019A64B /* Home.storyboard */ = {isa = PBXFileReference; fileEncoding = 4; lastKnownFileType = file.storyboard; path = Home.storyboard; sourceTree = "<group>"; };
		E7E612721F3DB2E70019A64B /* MCNavigationController.swift */ = {isa = PBXFileReference; fileEncoding = 4; lastKnownFileType = sourcecode.swift; path = MCNavigationController.swift; sourceTree = "<group>"; };
		E7E612741F3E9E280019A64B /* News.storyboard */ = {isa = PBXFileReference; fileEncoding = 4; lastKnownFileType = file.storyboard; path = News.storyboard; sourceTree = "<group>"; };
		E7E612761F3E9E690019A64B /* Markets.storyboard */ = {isa = PBXFileReference; fileEncoding = 4; lastKnownFileType = file.storyboard; path = Markets.storyboard; sourceTree = "<group>"; };
		E7E6127C1F3E9EE10019A64B /* Profile.storyboard */ = {isa = PBXFileReference; fileEncoding = 4; lastKnownFileType = file.storyboard; path = Profile.storyboard; sourceTree = "<group>"; };
		E7E6127E1F3EA0400019A64B /* MCHomeVC.swift */ = {isa = PBXFileReference; fileEncoding = 4; lastKnownFileType = sourcecode.swift; path = MCHomeVC.swift; sourceTree = "<group>"; };
		E7E612801F3EA0F20019A64B /* MCNewsTVC.swift */ = {isa = PBXFileReference; fileEncoding = 4; lastKnownFileType = sourcecode.swift; path = MCNewsTVC.swift; sourceTree = "<group>"; };
		E7E612821F3EA1380019A64B /* MCMarketsVC.swift */ = {isa = PBXFileReference; fileEncoding = 4; lastKnownFileType = sourcecode.swift; path = MCMarketsVC.swift; sourceTree = "<group>"; };
		E7E612841F3EA15D0019A64B /* MCProfileVC.swift */ = {isa = PBXFileReference; fileEncoding = 4; lastKnownFileType = sourcecode.swift; path = MCProfileVC.swift; sourceTree = "<group>"; };
		E7E612861F3EA4000019A64B /* UIColor+Extension.swift */ = {isa = PBXFileReference; fileEncoding = 4; lastKnownFileType = sourcecode.swift; path = "UIColor+Extension.swift"; sourceTree = "<group>"; };
		E7E612891F3EA6CE0019A64B /* atm_link.json */ = {isa = PBXFileReference; fileEncoding = 4; lastKnownFileType = text.json; path = atm_link.json; sourceTree = "<group>"; };
		E7E6128A1F3EA6CE0019A64B /* download_icon_success.json */ = {isa = PBXFileReference; fileEncoding = 4; lastKnownFileType = text.json; path = download_icon_success.json; sourceTree = "<group>"; };
		E7E6128B1F3EA6CE0019A64B /* touch_id.json */ = {isa = PBXFileReference; fileEncoding = 4; lastKnownFileType = text.json; path = touch_id.json; sourceTree = "<group>"; };
		E7E6128F1F3F61660019A64B /* ESTabBarController_swift.framework */ = {isa = PBXFileReference; lastKnownFileType = wrapper.framework; name = ESTabBarController_swift.framework; path = "../../../Library/Developer/Xcode/DerivedData/Fisc-cypifscaphubnvdmriuaopjbanfj/Build/Products/Debug-iphonesimulator/ESTabBarController-swift/ESTabBarController_swift.framework"; sourceTree = "<group>"; };
		E7E612901F3F61660019A64B /* Lottie.framework */ = {isa = PBXFileReference; lastKnownFileType = wrapper.framework; name = Lottie.framework; path = "Pods/../build/Debug-iphoneos/lottie-ios/Lottie.framework"; sourceTree = "<group>"; };
		E7E612911F3F61660019A64B /* pop.framework */ = {isa = PBXFileReference; lastKnownFileType = wrapper.framework; name = pop.framework; path = "Pods/../build/Debug-iphoneos/pop/pop.framework"; sourceTree = "<group>"; };
		E7FE080E1F6AAE8700E1B7BA /* MCStockBannerView.swift */ = {isa = PBXFileReference; fileEncoding = 4; lastKnownFileType = sourcecode.swift; path = MCStockBannerView.swift; sourceTree = "<group>"; };
		E7FE08101F6AAE9B00E1B7BA /* MCStockBannerView.xib */ = {isa = PBXFileReference; fileEncoding = 4; lastKnownFileType = file.xib; path = MCStockBannerView.xib; sourceTree = "<group>"; };
		E7FE08121F6AB0DA00E1B7BA /* MCBannerStock.swift */ = {isa = PBXFileReference; fileEncoding = 4; lastKnownFileType = sourcecode.swift; path = MCBannerStock.swift; sourceTree = "<group>"; };
		E7FE08341F6B1BEC00E1B7BA /* MCRoom.swift */ = {isa = PBXFileReference; fileEncoding = 4; lastKnownFileType = sourcecode.swift; path = MCRoom.swift; sourceTree = "<group>"; };
		E7FE08361F6B290800E1B7BA /* MCCommit.swift */ = {isa = PBXFileReference; fileEncoding = 4; lastKnownFileType = sourcecode.swift; path = MCCommit.swift; sourceTree = "<group>"; };
		E7FE08381F6B3C1F00E1B7BA /* MCNews.swift */ = {isa = PBXFileReference; fileEncoding = 4; lastKnownFileType = sourcecode.swift; path = MCNews.swift; sourceTree = "<group>"; };
		E7FE083A1F6BBFC900E1B7BA /* MCStock.swift */ = {isa = PBXFileReference; fileEncoding = 4; lastKnownFileType = sourcecode.swift; path = MCStock.swift; sourceTree = "<group>"; };
		E7FE083C1F6BC0E100E1B7BA /* MCStockSearchVC.swift */ = {isa = PBXFileReference; fileEncoding = 4; lastKnownFileType = sourcecode.swift; path = MCStockSearchVC.swift; sourceTree = "<group>"; };
		E7FE083E1F6CADD000E1B7BA /* MCStockInfoVC.swift */ = {isa = PBXFileReference; fileEncoding = 4; lastKnownFileType = sourcecode.swift; path = MCStockInfoVC.swift; sourceTree = "<group>"; };
		E7FE08421F6CED9C00E1B7BA /* MCNewsPageVC.swift */ = {isa = PBXFileReference; fileEncoding = 4; lastKnownFileType = sourcecode.swift; path = MCNewsPageVC.swift; sourceTree = "<group>"; };
		E7FE08441F6D046B00E1B7BA /* MCSimpleStock.swift */ = {isa = PBXFileReference; fileEncoding = 4; lastKnownFileType = sourcecode.swift; path = MCSimpleStock.swift; sourceTree = "<group>"; };
		E7FE08461F6D4CCF00E1B7BA /* MCReportVC.swift */ = {isa = PBXFileReference; fileEncoding = 4; lastKnownFileType = sourcecode.swift; path = MCReportVC.swift; sourceTree = "<group>"; };
		E7FE084B1F6D517F00E1B7BA /* 600006.json */ = {isa = PBXFileReference; fileEncoding = 4; lastKnownFileType = text.json; name = 600006.json; path = Reports/600006.json; sourceTree = "<group>"; };
		E7FE084D1F6D519C00E1B7BA /* MCReport.swift */ = {isa = PBXFileReference; fileEncoding = 4; lastKnownFileType = sourcecode.swift; path = MCReport.swift; sourceTree = "<group>"; };
/* End PBXFileReference section */

/* Begin PBXFrameworksBuildPhase section */
		E7E612281F3DA1740019A64B /* Frameworks */ = {
			isa = PBXFrameworksBuildPhase;
			buildActionMask = 2147483647;
			files = (
				E7E612B01F3F61FE0019A64B /* Pods_Fisc.framework in Frameworks */,
			);
			runOnlyForDeploymentPostprocessing = 0;
		};
/* End PBXFrameworksBuildPhase section */

/* Begin PBXGroup section */
		0588F83283276931E98A6C18 /* Frameworks */ = {
			isa = PBXGroup;
			children = (
				E7733CBB1F6A2DDE0032E70E /* Alamofire.framework */,
				E7733CBC1F6A2DDE0032E70E /* GoogleToolboxForMac.framework */,
				E7733CBD1F6A2DDE0032E70E /* GTMSessionFetcher.framework */,
				E7733CBE1F6A2DDE0032E70E /* Lottie.framework */,
				E7733CBF1F6A2DDE0032E70E /* nanopb.framework */,
				E7733CC01F6A2DDE0032E70E /* pop.framework */,
				E7733CC11F6A2DDE0032E70E /* SDWebImage.framework */,
				E7733CC21F6A2DDE0032E70E /* SwiftyJSON.framework */,
				E7E6128F1F3F61660019A64B /* ESTabBarController_swift.framework */,
				E7E612901F3F61660019A64B /* Lottie.framework */,
				E7E612911F3F61660019A64B /* pop.framework */,
				2975AD68B4AEEC1BB36004BD /* Pods_Fisc.framework */,
			);
			name = Frameworks;
			sourceTree = "<group>";
		};
		170447727B54FE7942799D81 /* Pods */ = {
			isa = PBXGroup;
			children = (
				39EE5484F02B3815F8879FAB /* Pods-Fisc.debug.xcconfig */,
				7BD3BF6639A8006A6177452D /* Pods-Fisc.release.xcconfig */,
			);
			name = Pods;
			sourceTree = "<group>";
		};
		E7733CB21F6A1C660032E70E /* Login */ = {
			isa = PBXGroup;
			children = (
				E7733CB51F6A1C9D0032E70E /* View */,
				E7733CB41F6A1C990032E70E /* Model */,
				E7733CB31F6A1C8F0032E70E /* Controller */,
				E7733CB81F6A1D090032E70E /* Login.storyboard */,
			);
			name = Login;
			sourceTree = "<group>";
		};
		E7733CB31F6A1C8F0032E70E /* Controller */ = {
			isa = PBXGroup;
			children = (
				E7733CB61F6A1CFA0032E70E /* LoginViewController.swift */,
			);
			name = Controller;
			sourceTree = "<group>";
		};
		E7733CB41F6A1C990032E70E /* Model */ = {
			isa = PBXGroup;
			children = (
			);
			name = Model;
			sourceTree = "<group>";
		};
		E7733CB51F6A1C9D0032E70E /* View */ = {
			isa = PBXGroup;
			children = (
			);
			name = View;
			sourceTree = "<group>";
		};
		E7E612221F3DA1740019A64B = {
			isa = PBXGroup;
			children = (
				E7E6122D1F3DA1740019A64B /* Fisc */,
				E7E6122C1F3DA1740019A64B /* Products */,
				170447727B54FE7942799D81 /* Pods */,
				0588F83283276931E98A6C18 /* Frameworks */,
			);
			sourceTree = "<group>";
		};
		E7E6122C1F3DA1740019A64B /* Products */ = {
			isa = PBXGroup;
			children = (
				E7E6122B1F3DA1740019A64B /* Fisc.app */,
			);
			name = Products;
			sourceTree = "<group>";
		};
		E7E6122D1F3DA1740019A64B /* Fisc */ = {
			isa = PBXGroup;
			children = (
				E7E612401F3DA9180019A64B /* Classes */,
				E7E612571F3DA9180019A64B /* Data */,
				E7E612581F3DA9180019A64B /* Framework */,
				E7E6122E1F3DA1740019A64B /* AppDelegate.swift */,
				E7733CB01F6A1A8C0032E70E /* GoogleService-Info.plist */,
				E7E612351F3DA1740019A64B /* Assets.xcassets */,
				E7E612371F3DA1740019A64B /* LaunchScreen.storyboard */,
				E7E6123A1F3DA1740019A64B /* Info.plist */,
			);
			path = Fisc;
			sourceTree = "<group>";
		};
		E7E612401F3DA9180019A64B /* Classes */ = {
			isa = PBXGroup;
			children = (
				E7E612461F3DA9180019A64B /* Main */,
				E7733CB21F6A1C660032E70E /* Login */,
				E7E612421F3DA9180019A64B /* Home */,
				E7E6124E1F3DA9180019A64B /* News */,
				E7E6124A1F3DA9180019A64B /* Markets */,
				E7E612781F3E9EC80019A64B /* Profile */,
				E7E612561F3DA9180019A64B /* Tools */,
				E7E612411F3DA9180019A64B /* Extension */,
			);
			path = Classes;
			sourceTree = "<group>";
		};
		E7E612411F3DA9180019A64B /* Extension */ = {
			isa = PBXGroup;
			children = (
				E7E612861F3EA4000019A64B /* UIColor+Extension.swift */,
				E706946E1F49E9FD00E7303D /* GlobalMacro.swift */,
			);
			path = Extension;
			sourceTree = "<group>";
		};
		E7E612421F3DA9180019A64B /* Home */ = {
			isa = PBXGroup;
			children = (
				E7E612431F3DA9180019A64B /* Controller */,
				E7E612441F3DA9180019A64B /* Model */,
				E7E612451F3DA9180019A64B /* View */,
				E7E612701F3DB2520019A64B /* Home.storyboard */,
			);
			path = Home;
			sourceTree = "<group>";
		};
		E7E612431F3DA9180019A64B /* Controller */ = {
			isa = PBXGroup;
			children = (
				E7E6127E1F3EA0400019A64B /* MCHomeVC.swift */,
				E7FE08461F6D4CCF00E1B7BA /* MCReportVC.swift */,
				E7FE083E1F6CADD000E1B7BA /* MCStockInfoVC.swift */,
				E7FE083C1F6BC0E100E1B7BA /* MCStockSearchVC.swift */,
			);
			path = Controller;
			sourceTree = "<group>";
		};
		E7E612441F3DA9180019A64B /* Model */ = {
			isa = PBXGroup;
			children = (
				E7FE08121F6AB0DA00E1B7BA /* MCBannerStock.swift */,
				E7FE083A1F6BBFC900E1B7BA /* MCStock.swift */,
				E7FE084D1F6D519C00E1B7BA /* MCReport.swift */,
				E7FE08441F6D046B00E1B7BA /* MCSimpleStock.swift */,
			);
			path = Model;
			sourceTree = "<group>";
		};
		E7E612451F3DA9180019A64B /* View */ = {
			isa = PBXGroup;
			children = (
				E7FE080E1F6AAE8700E1B7BA /* MCStockBannerView.swift */,
				E7FE08101F6AAE9B00E1B7BA /* MCStockBannerView.xib */,
			);
			path = View;
			sourceTree = "<group>";
		};
		E7E612461F3DA9180019A64B /* Main */ = {
			isa = PBXGroup;
			children = (
				E7E612471F3DA9180019A64B /* Controller */,
				E7E612481F3DA9180019A64B /* Model */,
				E7E612491F3DA9180019A64B /* View */,
				E7E6125D1F3DA9C90019A64B /* Main.storyboard */,
			);
			path = Main;
			sourceTree = "<group>";
		};
		E7E612471F3DA9180019A64B /* Controller */ = {
			isa = PBXGroup;
			children = (
				E7E6126E1F3DB1F40019A64B /* MCTabBarController.swift */,
				E7E612721F3DB2E70019A64B /* MCNavigationController.swift */,
			);
			path = Controller;
			sourceTree = "<group>";
		};
		E7E612481F3DA9180019A64B /* Model */ = {
			isa = PBXGroup;
			children = (
			);
			path = Model;
			sourceTree = "<group>";
		};
		E7E612491F3DA9180019A64B /* View */ = {
			isa = PBXGroup;
			children = (
			);
			path = View;
			sourceTree = "<group>";
		};
		E7E6124A1F3DA9180019A64B /* Markets */ = {
			isa = PBXGroup;
			children = (
				E7E6124B1F3DA9180019A64B /* Controller */,
				E7E6124C1F3DA9180019A64B /* Model */,
				E7E6124D1F3DA9180019A64B /* View */,
				E7E612761F3E9E690019A64B /* Markets.storyboard */,
			);
			path = Markets;
			sourceTree = "<group>";
		};
		E7E6124B1F3DA9180019A64B /* Controller */ = {
			isa = PBXGroup;
			children = (
				E7E612821F3EA1380019A64B /* MCMarketsVC.swift */,
			);
			path = Controller;
			sourceTree = "<group>";
		};
		E7E6124C1F3DA9180019A64B /* Model */ = {
			isa = PBXGroup;
			children = (
				E7FE08341F6B1BEC00E1B7BA /* MCRoom.swift */,
				E7FE08361F6B290800E1B7BA /* MCCommit.swift */,
			);
			path = Model;
			sourceTree = "<group>";
		};
		E7E6124D1F3DA9180019A64B /* View */ = {
			isa = PBXGroup;
			children = (
			);
			path = View;
			sourceTree = "<group>";
		};
		E7E6124E1F3DA9180019A64B /* News */ = {
			isa = PBXGroup;
			children = (
				E7E6124F1F3DA9180019A64B /* Controller */,
				E7E612501F3DA9180019A64B /* Model */,
				E7E612511F3DA9180019A64B /* View */,
				E7E612741F3E9E280019A64B /* News.storyboard */,
			);
			path = News;
			sourceTree = "<group>";
		};
		E7E6124F1F3DA9180019A64B /* Controller */ = {
			isa = PBXGroup;
			children = (
				E7E612801F3EA0F20019A64B /* MCNewsTVC.swift */,
				E7FE08421F6CED9C00E1B7BA /* MCNewsPageVC.swift */,
			);
			path = Controller;
			sourceTree = "<group>";
		};
		E7E612501F3DA9180019A64B /* Model */ = {
			isa = PBXGroup;
			children = (
				E7FE08381F6B3C1F00E1B7BA /* MCNews.swift */,
			);
			path = Model;
			sourceTree = "<group>";
		};
		E7E612511F3DA9180019A64B /* View */ = {
			isa = PBXGroup;
			children = (
			);
			path = View;
			sourceTree = "<group>";
		};
		E7E612561F3DA9180019A64B /* Tools */ = {
			isa = PBXGroup;
			children = (
				E7733CCE1F6A3DF90032E70E /* NSArray+Log.h */,
				E7733CCF1F6A3DF90032E70E /* NSArray+Log.m */,
				E7733CCD1F6A3DF90032E70E /* Fisc-Bridging-Header.h */,
			);
			path = Tools;
			sourceTree = "<group>";
		};
		E7E612571F3DA9180019A64B /* Data */ = {
			isa = PBXGroup;
			children = (
				E7FE08481F6D514500E1B7BA /* Reports */,
				E7E612881F3EA6CE0019A64B /* Lottie */,
			);
			path = Data;
			sourceTree = "<group>";
		};
		E7E612581F3DA9180019A64B /* Framework */ = {
			isa = PBXGroup;
			children = (
			);
			path = Framework;
			sourceTree = "<group>";
		};
		E7E612781F3E9EC80019A64B /* Profile */ = {
			isa = PBXGroup;
			children = (
				E7E612791F3E9EC80019A64B /* Controller */,
				E7E6127A1F3E9EC80019A64B /* Model */,
				E7E6127B1F3E9EC80019A64B /* View */,
				E7E6127C1F3E9EE10019A64B /* Profile.storyboard */,
			);
			path = Profile;
			sourceTree = "<group>";
		};
		E7E612791F3E9EC80019A64B /* Controller */ = {
			isa = PBXGroup;
			children = (
				E7E612841F3EA15D0019A64B /* MCProfileVC.swift */,
				E7132D111F4AA7D80068A4A0 /* MCSourceVC.swift */,
				E7132D0F1F4AA0190068A4A0 /* MCAboutVC.swift */,
			);
			path = Controller;
			sourceTree = "<group>";
		};
		E7E6127A1F3E9EC80019A64B /* Model */ = {
			isa = PBXGroup;
			children = (
			);
			path = Model;
			sourceTree = "<group>";
		};
		E7E6127B1F3E9EC80019A64B /* View */ = {
			isa = PBXGroup;
			children = (
				E70694701F49EE2A00E7303D /* MCProfileHeaderView.swift */,
				E70694741F49EE6C00E7303D /* MCProfileHeaderView.xib */,
			);
			path = View;
			sourceTree = "<group>";
		};
		E7E612881F3EA6CE0019A64B /* Lottie */ = {
			isa = PBXGroup;
			children = (
				E7E612891F3EA6CE0019A64B /* atm_link.json */,
				E7E6128A1F3EA6CE0019A64B /* download_icon_success.json */,
				E7E6128B1F3EA6CE0019A64B /* touch_id.json */,
			);
			path = Lottie;
			sourceTree = "<group>";
		};
		E7FE08481F6D514500E1B7BA /* Reports */ = {
			isa = PBXGroup;
			children = (
				E7FE084B1F6D517F00E1B7BA /* 600006.json */,
			);
			name = Reports;
			sourceTree = "<group>";
		};
/* End PBXGroup section */

/* Begin PBXNativeTarget section */
		E7E6122A1F3DA1740019A64B /* Fisc */ = {
			isa = PBXNativeTarget;
			buildConfigurationList = E7E6123D1F3DA1740019A64B /* Build configuration list for PBXNativeTarget "Fisc" */;
			buildPhases = (
				B1F9D163DC0940A2ACFCBF1E /* [CP] Check Pods Manifest.lock */,
				E7E612271F3DA1740019A64B /* Sources */,
				E7E612281F3DA1740019A64B /* Frameworks */,
				E7E612291F3DA1740019A64B /* Resources */,
				FEB2B89E9E7F37514AC65337 /* [CP] Embed Pods Frameworks */,
				57BA18E24B833490D23D2DC5 /* [CP] Copy Pods Resources */,
			);
			buildRules = (
			);
			dependencies = (
			);
			name = Fisc;
			productName = Fisc;
			productReference = E7E6122B1F3DA1740019A64B /* Fisc.app */;
			productType = "com.apple.product-type.application";
		};
/* End PBXNativeTarget section */

/* Begin PBXProject section */
		E7E612231F3DA1740019A64B /* Project object */ = {
			isa = PBXProject;
			attributes = {
				CLASSPREFIX = MC;
				LastSwiftUpdateCheck = 0830;
				LastUpgradeCheck = 0830;
				ORGANIZATIONNAME = Minecode;
				TargetAttributes = {
					E7E6122A1F3DA1740019A64B = {
						CreatedOnToolsVersion = 8.3.3;
						DevelopmentTeam = XQ4VPYFFH5;
						LastSwiftMigration = 0830;
						ProvisioningStyle = Automatic;
					};
				};
			};
			buildConfigurationList = E7E612261F3DA1740019A64B /* Build configuration list for PBXProject "Fisc" */;
			compatibilityVersion = "Xcode 3.2";
			developmentRegion = English;
			hasScannedForEncodings = 0;
			knownRegions = (
				en,
				Base,
			);
			mainGroup = E7E612221F3DA1740019A64B;
			productRefGroup = E7E6122C1F3DA1740019A64B /* Products */;
			projectDirPath = "";
			projectRoot = "";
			targets = (
				E7E6122A1F3DA1740019A64B /* Fisc */,
			);
		};
/* End PBXProject section */

/* Begin PBXResourcesBuildPhase section */
		E7E612291F3DA1740019A64B /* Resources */ = {
			isa = PBXResourcesBuildPhase;
			buildActionMask = 2147483647;
			files = (
				E7E6125E1F3DA9C90019A64B /* Main.storyboard in Resources */,
				E7E612391F3DA1740019A64B /* LaunchScreen.storyboard in Resources */,
				E7E6128E1F3EA6CE0019A64B /* touch_id.json in Resources */,
				E7FE08111F6AAE9B00E1B7BA /* MCStockBannerView.xib in Resources */,
				E7E612771F3E9E690019A64B /* Markets.storyboard in Resources */,
				E7E612751F3E9E280019A64B /* News.storyboard in Resources */,
				E7E6128C1F3EA6CE0019A64B /* atm_link.json in Resources */,
				E7E612361F3DA1740019A64B /* Assets.xcassets in Resources */,
				E7733CB11F6A1A8C0032E70E /* GoogleService-Info.plist in Resources */,
				E7E6127D1F3E9EE10019A64B /* Profile.storyboard in Resources */,
				E7E612711F3DB2520019A64B /* Home.storyboard in Resources */,
				E7E6128D1F3EA6CE0019A64B /* download_icon_success.json in Resources */,
				E70694751F49EE6C00E7303D /* MCProfileHeaderView.xib in Resources */,
				E7FE084C1F6D517F00E1B7BA /* 600006.json in Resources */,
				E7733CB91F6A1D090032E70E /* Login.storyboard in Resources */,
			);
			runOnlyForDeploymentPostprocessing = 0;
		};
/* End PBXResourcesBuildPhase section */

/* Begin PBXShellScriptBuildPhase section */
		57BA18E24B833490D23D2DC5 /* [CP] Copy Pods Resources */ = {
			isa = PBXShellScriptBuildPhase;
			buildActionMask = 2147483647;
			files = (
			);
			inputPaths = (
			);
			name = "[CP] Copy Pods Resources";
			outputPaths = (
			);
			runOnlyForDeploymentPostprocessing = 0;
			shellPath = /bin/sh;
			shellScript = "\"${SRCROOT}/Pods/Target Support Files/Pods-Fisc/Pods-Fisc-resources.sh\"\n";
			showEnvVarsInLog = 0;
		};
		B1F9D163DC0940A2ACFCBF1E /* [CP] Check Pods Manifest.lock */ = {
			isa = PBXShellScriptBuildPhase;
			buildActionMask = 2147483647;
			files = (
			);
			inputPaths = (
			);
			name = "[CP] Check Pods Manifest.lock";
			outputPaths = (
			);
			runOnlyForDeploymentPostprocessing = 0;
			shellPath = /bin/sh;
			shellScript = "diff \"${PODS_PODFILE_DIR_PATH}/Podfile.lock\" \"${PODS_ROOT}/Manifest.lock\" > /dev/null\nif [ $? != 0 ] ; then\n    # print error to STDERR\n    echo \"error: The sandbox is not in sync with the Podfile.lock. Run 'pod install' or update your CocoaPods installation.\" >&2\n    exit 1\nfi\n";
			showEnvVarsInLog = 0;
		};
		FEB2B89E9E7F37514AC65337 /* [CP] Embed Pods Frameworks */ = {
			isa = PBXShellScriptBuildPhase;
			buildActionMask = 2147483647;
			files = (
			);
			inputPaths = (
			);
			name = "[CP] Embed Pods Frameworks";
			outputPaths = (
			);
			runOnlyForDeploymentPostprocessing = 0;
			shellPath = /bin/sh;
			shellScript = "\"${SRCROOT}/Pods/Target Support Files/Pods-Fisc/Pods-Fisc-frameworks.sh\"\n";
			showEnvVarsInLog = 0;
		};
/* End PBXShellScriptBuildPhase section */

/* Begin PBXSourcesBuildPhase section */
		E7E612271F3DA1740019A64B /* Sources */ = {
			isa = PBXSourcesBuildPhase;
			buildActionMask = 2147483647;
			files = (
				E7733CD01F6A3DF90032E70E /* NSArray+Log.m in Sources */,
				E7E612831F3EA1380019A64B /* MCMarketsVC.swift in Sources */,
				E7E612851F3EA15D0019A64B /* MCProfileVC.swift in Sources */,
				E7FE084E1F6D519C00E1B7BA /* MCReport.swift in Sources */,
				E7FE080F1F6AAE8700E1B7BA /* MCStockBannerView.swift in Sources */,
				E7FE083B1F6BBFC900E1B7BA /* MCStock.swift in Sources */,
				E7FE08391F6B3C1F00E1B7BA /* MCNews.swift in Sources */,
				E7E6127F1F3EA0400019A64B /* MCHomeVC.swift in Sources */,
				E7FE083F1F6CADD000E1B7BA /* MCStockInfoVC.swift in Sources */,
				E7FE08431F6CED9C00E1B7BA /* MCNewsPageVC.swift in Sources */,
				E706946F1F49E9FD00E7303D /* GlobalMacro.swift in Sources */,
				E7FE08371F6B290800E1B7BA /* MCCommit.swift in Sources */,
				E7E6122F1F3DA1740019A64B /* AppDelegate.swift in Sources */,
				E7FE08451F6D046B00E1B7BA /* MCSimpleStock.swift in Sources */,
				E7132D121F4AA7D80068A4A0 /* MCSourceVC.swift in Sources */,
				E7E612811F3EA0F20019A64B /* MCNewsTVC.swift in Sources */,
				E7E612871F3EA4000019A64B /* UIColor+Extension.swift in Sources */,
				E7E612731F3DB2E70019A64B /* MCNavigationController.swift in Sources */,
				E7E6126F1F3DB1F40019A64B /* MCTabBarController.swift in Sources */,
				E7FE08131F6AB0DA00E1B7BA /* MCBannerStock.swift in Sources */,
				E7132D101F4AA0190068A4A0 /* MCAboutVC.swift in Sources */,
				E7FE083D1F6BC0E100E1B7BA /* MCStockSearchVC.swift in Sources */,
				E7FE08351F6B1BEC00E1B7BA /* MCRoom.swift in Sources */,
				E7733CB71F6A1CFA0032E70E /* LoginViewController.swift in Sources */,
				E70694711F49EE2A00E7303D /* MCProfileHeaderView.swift in Sources */,
				E7FE08471F6D4CCF00E1B7BA /* MCReportVC.swift in Sources */,
			);
			runOnlyForDeploymentPostprocessing = 0;
		};
/* End PBXSourcesBuildPhase section */

/* Begin PBXVariantGroup section */
		E7E612371F3DA1740019A64B /* LaunchScreen.storyboard */ = {
			isa = PBXVariantGroup;
			children = (
				E7E612381F3DA1740019A64B /* Base */,
			);
			name = LaunchScreen.storyboard;
			sourceTree = "<group>";
		};
/* End PBXVariantGroup section */

/* Begin XCBuildConfiguration section */
		E7E6123B1F3DA1740019A64B /* Debug */ = {
			isa = XCBuildConfiguration;
			buildSettings = {
				ALWAYS_SEARCH_USER_PATHS = NO;
				CLANG_ANALYZER_NONNULL = YES;
				CLANG_ANALYZER_NUMBER_OBJECT_CONVERSION = YES_AGGRESSIVE;
				CLANG_CXX_LANGUAGE_STANDARD = "gnu++0x";
				CLANG_CXX_LIBRARY = "libc++";
				CLANG_ENABLE_MODULES = YES;
				CLANG_ENABLE_OBJC_ARC = YES;
				CLANG_WARN_BOOL_CONVERSION = YES;
				CLANG_WARN_CONSTANT_CONVERSION = YES;
				CLANG_WARN_DIRECT_OBJC_ISA_USAGE = YES_ERROR;
				CLANG_WARN_DOCUMENTATION_COMMENTS = YES;
				CLANG_WARN_EMPTY_BODY = YES;
				CLANG_WARN_ENUM_CONVERSION = YES;
				CLANG_WARN_INFINITE_RECURSION = YES;
				CLANG_WARN_INT_CONVERSION = YES;
				CLANG_WARN_OBJC_ROOT_CLASS = YES_ERROR;
				CLANG_WARN_SUSPICIOUS_MOVE = YES;
				CLANG_WARN_UNREACHABLE_CODE = YES;
				CLANG_WARN__DUPLICATE_METHOD_MATCH = YES;
				"CODE_SIGN_IDENTITY[sdk=iphoneos*]" = "iPhone Developer";
				COPY_PHASE_STRIP = NO;
				DEBUG_INFORMATION_FORMAT = dwarf;
				ENABLE_STRICT_OBJC_MSGSEND = YES;
				ENABLE_TESTABILITY = YES;
				GCC_C_LANGUAGE_STANDARD = gnu99;
				GCC_DYNAMIC_NO_PIC = NO;
				GCC_NO_COMMON_BLOCKS = YES;
				GCC_OPTIMIZATION_LEVEL = 0;
				GCC_PREPROCESSOR_DEFINITIONS = (
					"DEBUG=1",
					"$(inherited)",
				);
				GCC_WARN_64_TO_32_BIT_CONVERSION = YES;
				GCC_WARN_ABOUT_RETURN_TYPE = YES_ERROR;
				GCC_WARN_UNDECLARED_SELECTOR = YES;
				GCC_WARN_UNINITIALIZED_AUTOS = YES_AGGRESSIVE;
				GCC_WARN_UNUSED_FUNCTION = YES;
				GCC_WARN_UNUSED_VARIABLE = YES;
				IPHONEOS_DEPLOYMENT_TARGET = 10.3;
				MTL_ENABLE_DEBUG_INFO = YES;
				ONLY_ACTIVE_ARCH = YES;
				SDKROOT = iphoneos;
				SWIFT_ACTIVE_COMPILATION_CONDITIONS = DEBUG;
				SWIFT_OPTIMIZATION_LEVEL = "-Onone";
			};
			name = Debug;
		};
		E7E6123C1F3DA1740019A64B /* Release */ = {
			isa = XCBuildConfiguration;
			buildSettings = {
				ALWAYS_SEARCH_USER_PATHS = NO;
				CLANG_ANALYZER_NONNULL = YES;
				CLANG_ANALYZER_NUMBER_OBJECT_CONVERSION = YES_AGGRESSIVE;
				CLANG_CXX_LANGUAGE_STANDARD = "gnu++0x";
				CLANG_CXX_LIBRARY = "libc++";
				CLANG_ENABLE_MODULES = YES;
				CLANG_ENABLE_OBJC_ARC = YES;
				CLANG_WARN_BOOL_CONVERSION = YES;
				CLANG_WARN_CONSTANT_CONVERSION = YES;
				CLANG_WARN_DIRECT_OBJC_ISA_USAGE = YES_ERROR;
				CLANG_WARN_DOCUMENTATION_COMMENTS = YES;
				CLANG_WARN_EMPTY_BODY = YES;
				CLANG_WARN_ENUM_CONVERSION = YES;
				CLANG_WARN_INFINITE_RECURSION = YES;
				CLANG_WARN_INT_CONVERSION = YES;
				CLANG_WARN_OBJC_ROOT_CLASS = YES_ERROR;
				CLANG_WARN_SUSPICIOUS_MOVE = YES;
				CLANG_WARN_UNREACHABLE_CODE = YES;
				CLANG_WARN__DUPLICATE_METHOD_MATCH = YES;
				"CODE_SIGN_IDENTITY[sdk=iphoneos*]" = "iPhone Developer";
				COPY_PHASE_STRIP = NO;
				DEBUG_INFORMATION_FORMAT = "dwarf-with-dsym";
				ENABLE_NS_ASSERTIONS = NO;
				ENABLE_STRICT_OBJC_MSGSEND = YES;
				GCC_C_LANGUAGE_STANDARD = gnu99;
				GCC_NO_COMMON_BLOCKS = YES;
				GCC_WARN_64_TO_32_BIT_CONVERSION = YES;
				GCC_WARN_ABOUT_RETURN_TYPE = YES_ERROR;
				GCC_WARN_UNDECLARED_SELECTOR = YES;
				GCC_WARN_UNINITIALIZED_AUTOS = YES_AGGRESSIVE;
				GCC_WARN_UNUSED_FUNCTION = YES;
				GCC_WARN_UNUSED_VARIABLE = YES;
				IPHONEOS_DEPLOYMENT_TARGET = 10.3;
				MTL_ENABLE_DEBUG_INFO = NO;
				SDKROOT = iphoneos;
				SWIFT_OPTIMIZATION_LEVEL = "-Owholemodule";
				VALIDATE_PRODUCT = YES;
			};
			name = Release;
		};
		E7E6123E1F3DA1740019A64B /* Debug */ = {
			isa = XCBuildConfiguration;
			baseConfigurationReference = 39EE5484F02B3815F8879FAB /* Pods-Fisc.debug.xcconfig */;
			buildSettings = {
				ASSETCATALOG_COMPILER_APPICON_NAME = AppIcon;
				CLANG_ENABLE_MODULES = YES;
				DEVELOPMENT_TEAM = XQ4VPYFFH5;
				FRAMEWORK_SEARCH_PATHS = (
					"$(inherited)",
					"$(PROJECT_DIR)/Fisc/Framework",
					"$(PROJECT_DIR)/build/Debug-iphoneos/lottie-ios",
					"$(PROJECT_DIR)/build/Debug-iphoneos/pop",
					"$(PROJECT_DIR)/build/Debug-iphoneos/nanopb",
				);
				INFOPLIST_FILE = Fisc/Info.plist;
				IPHONEOS_DEPLOYMENT_TARGET = 9.0;
				LD_RUNPATH_SEARCH_PATHS = "$(inherited) @executable_path/Frameworks";
				PRODUCT_BUNDLE_IDENTIFIER = org.minecode.Fisc;
				PRODUCT_NAME = "$(TARGET_NAME)";
				SWIFT_OBJC_BRIDGING_HEADER = "Fisc/Classes/Tools/Fisc-Bridging-Header.h";
				SWIFT_OPTIMIZATION_LEVEL = "-Onone";
				SWIFT_VERSION = 3.0;
				USER_HEADER_SEARCH_PATHS = "$(PODS_ROOT)/**";
			};
			name = Debug;
		};
		E7E6123F1F3DA1740019A64B /* Release */ = {
			isa = XCBuildConfiguration;
			baseConfigurationReference = 7BD3BF6639A8006A6177452D /* Pods-Fisc.release.xcconfig */;
			buildSettings = {
				ASSETCATALOG_COMPILER_APPICON_NAME = AppIcon;
				CLANG_ENABLE_MODULES = YES;
				DEVELOPMENT_TEAM = XQ4VPYFFH5;
				FRAMEWORK_SEARCH_PATHS = (
					"$(inherited)",
					"$(PROJECT_DIR)/Fisc/Framework",
					"$(PROJECT_DIR)/build/Debug-iphoneos/lottie-ios",
					"$(PROJECT_DIR)/build/Debug-iphoneos/pop",
					"$(PROJECT_DIR)/build/Debug-iphoneos/nanopb",
				);
				INFOPLIST_FILE = Fisc/Info.plist;
				IPHONEOS_DEPLOYMENT_TARGET = 9.0;
				LD_RUNPATH_SEARCH_PATHS = "$(inherited) @executable_path/Frameworks";
				PRODUCT_BUNDLE_IDENTIFIER = org.minecode.Fisc;
				PRODUCT_NAME = "$(TARGET_NAME)";
				SWIFT_OBJC_BRIDGING_HEADER = "Fisc/Classes/Tools/Fisc-Bridging-Header.h";
				SWIFT_VERSION = 3.0;
				USER_HEADER_SEARCH_PATHS = "$(PODS_ROOT)/**";
			};
			name = Release;
		};
/* End XCBuildConfiguration section */

/* Begin XCConfigurationList section */
		E7E612261F3DA1740019A64B /* Build configuration list for PBXProject "Fisc" */ = {
			isa = XCConfigurationList;
			buildConfigurations = (
				E7E6123B1F3DA1740019A64B /* Debug */,
				E7E6123C1F3DA1740019A64B /* Release */,
			);
			defaultConfigurationIsVisible = 0;
			defaultConfigurationName = Release;
		};
		E7E6123D1F3DA1740019A64B /* Build configuration list for PBXNativeTarget "Fisc" */ = {
			isa = XCConfigurationList;
			buildConfigurations = (
				E7E6123E1F3DA1740019A64B /* Debug */,
				E7E6123F1F3DA1740019A64B /* Release */,
			);
			defaultConfigurationIsVisible = 0;
			defaultConfigurationName = Release;
		};
/* End XCConfigurationList section */
	};
	rootObject = E7E612231F3DA1740019A64B /* Project object */;
}
